
Microsoft Visual Studio Solution File, Format Version 12.00
# Visual Studio 15
VisualStudioVersion = 15.0.26730.3
MinimumVisualStudioVersion = 10.0.40219.1
Project("{FAE04EC0-301F-11D3-BF4B-00C04F79EFBC}") = "TCPServer", "TCPServer\TCPServer.csproj", "{311B6BAD-78B7-4230-BE36-7B59807504EB}"
EndProject
Project("{FAE04EC0-301F-11D3-BF4B-00C04F79EFBC}") = "HttpServer", "HttpServer\HttpServer.csproj", "{F2B98EA3-D70C-49CB-B0BA-D39FEA9BBD41}"
EndProject
Project("{FAE04EC0-301F-11D3-BF4B-00C04F79EFBC}") = "AspWebService", "AspWebService\AspWebService.csproj", "{0A2918EF-DEEE-45D7-BB67-3E836225DD67}"
EndProject
Global
	GlobalSection(SolutionConfigurationPlatforms) = preSolution
		Debug|Any CPU = Debug|Any CPU
		Release|Any CPU = Release|Any CPU
	EndGlobalSection
	GlobalSection(ProjectConfigurationPlatforms) = postSolution
		{311B6BAD-78B7-4230-BE36-7B59807504EB}.Debug|Any CPU.ActiveCfg = Debug|Any CPU
		{311B6BAD-78B7-4230-BE36-7B59807504EB}.Debug|Any CPU.Build.0 = Debug|Any CPU
		{311B6BAD-78B7-4230-BE36-7B59807504EB}.Release|Any CPU.ActiveCfg = Release|Any CPU
		{311B6BAD-78B7-4230-BE36-7B59807504EB}.Release|Any CPU.Build.0 = Release|Any CPU
		{F2B98EA3-D70C-49CB-B0BA-D39FEA9BBD41}.Debug|Any CPU.ActiveCfg = Debug|Any CPU
		{F2B98EA3-D70C-49CB-B0BA-D39FEA9BBD41}.Debug|Any CPU.Build.0 = Debug|Any CPU
		{F2B98EA3-D70C-49CB-B0BA-D39FEA9BBD41}.Release|Any CPU.ActiveCfg = Release|Any CPU
		{F2B98EA3-D70C-49CB-B0BA-D39FEA9BBD41}.Release|Any CPU.Build.0 = Release|Any CPU
		{0A2918EF-DEEE-45D7-BB67-3E836225DD67}.Debug|Any CPU.ActiveCfg = Debug|Any CPU
		{0A2918EF-DEEE-45D7-BB67-3E836225DD67}.Debug|Any CPU.Build.0 = Debug|Any CPU
		{0A2918EF-DEEE-45D7-BB67-3E836225DD67}.Release|Any CPU.ActiveCfg = Release|Any CPU
		{0A2918EF-DEEE-45D7-BB67-3E836225DD67}.Release|Any CPU.Build.0 = Release|Any CPU
	EndGlobalSection
	GlobalSection(SolutionProperties) = preSolution
		HideSolutionNode = FALSE
	EndGlobalSection
	GlobalSection(ExtensibilityGlobals) = postSolution
		SolutionGuid = {096631E6-917C-4CA1-AFA6-E92E61E77A2D}
	EndGlobalSection
EndGlobal
